
Microsoft Visual Studio Solution File, Format Version 12.00
# Visual Studio Version 17
VisualStudioVersion = 17.2.32519.379
MinimumVisualStudioVersion = 10.0.40219.1
Project("{FAE04EC0-301F-11D3-BF4B-00C04F79EFBC}") = "Day14_DataStructures", "Day14_DataStructures\Day14_DataStructures.csproj", "{F49D406F-8BF9-4FE0-BBEC-D7F0417F18A1}"
EndProject
Global
	GlobalSection(SolutionConfigurationPlatforms) = preSolution
		Debug|Any CPU = Debug|Any CPU
		Release|Any CPU = Release|Any CPU
	EndGlobalSection
	GlobalSection(ProjectConfigurationPlatforms) = postSolution
		{F49D406F-8BF9-4FE0-BBEC-D7F0417F18A1}.Debug|Any CPU.ActiveCfg = Debug|Any CPU
		{F49D406F-8BF9-4FE0-BBEC-D7F0417F18A1}.Debug|Any CPU.Build.0 = Debug|Any CPU
		{F49D406F-8BF9-4FE0-BBEC-D7F0417F18A1}.Release|Any CPU.ActiveCfg = Release|Any CPU
		{F49D406F-8BF9-4FE0-BBEC-D7F0417F18A1}.Release|Any CPU.Build.0 = Release|Any CPU
	EndGlobalSection
	GlobalSection(SolutionProperties) = preSolution
		HideSolutionNode = FALSE
	EndGlobalSection
	GlobalSection(ExtensibilityGlobals) = postSolution
		SolutionGuid = {DABDD294-3125-4388-95CF-6EAF36A44354}
	EndGlobalSection
EndGlobal
